# Code generated by scarb DO NOT EDIT.
version = 1

[[package]]
name = "dojo"
version = "1.0.0-alpha.4"
source = "git+https://github.com/dojoengine/dojo?tag=v1.0.0-alpha.5#6878242e120d3135d3bc1bb94135d7135693069b"
dependencies = [
 "dojo_plugin",
]

[[package]]
name = "dojo_plugin"
version = "1.0.0-alpha.4"
source = "git+https://github.com/dojoengine/dojo?rev=f15def33#f15def330c0d099e79351d11c197f63e8cc1ff36"

[[package]]
name = "origami_token"
version = "1.0.0-alpha.5"
dependencies = [
 "dojo",
]

[[package]]
name = "rollyourown"
version = "0.1.0"
dependencies = [
 "dojo",
 "origami_token",
]
