# Code generated by scarb DO NOT EDIT.
version = 1

[[package]]
name = "dojo"
version = "0.5.1"
source = "git+https://github.com/dojoengine/dojo?tag=v0.6.0-alpha.3#9b2bf3e465be5efeeb7f41032c15d35c46d90002"
dependencies = [
 "dojo_plugin",
]

[[package]]
name = "dojo_plugin"
version = "0.3.11"
source = "git+https://github.com/dojoengine/dojo?tag=v0.3.11#1e651b5d4d3b79b14a7d8aa29a92062fcb9e6659"

[[package]]
name = "rollyourown"
version = "0.1.0"
dependencies = [
 "dojo",
 "token",
]

[[package]]
name = "token"
version = "0.0.0"
source = "git+https://github.com/dojoengine/origami?tag=v0.6.0-alpha.3#dc6c9c76efaf9dd0b3d34326f1d380b675aa361e"
dependencies = [
 "dojo",
]
