# Code generated by scarb DO NOT EDIT.
version = 1

[[package]]
name = "dojo"
version = "1.0.0-alpha.4"
dependencies = [
 "dojo_plugin",
]

[[package]]
name = "dojo_plugin"
version = "1.0.0-alpha.4"
source = "git+https://github.com/dojoengine/dojo?rev=dc46e9c#dc46e9c689b2571a51200964ffc927b883a081eb"

[[package]]
name = "origami_token"
version = "1.0.0-alpha.0"
dependencies = [
 "dojo",
]

[[package]]
name = "rollyourown"
version = "0.1.0"
dependencies = [
 "dojo",
 "origami_token",
]
